
Microsoft Visual Studio Solution File, Format Version 12.00
# Visual Studio 15
VisualStudioVersion = 15.0.28010.2046
MinimumVisualStudioVersion = 10.0.40219.1
Project("{FAE04EC0-301F-11D3-BF4B-00C04F79EFBC}") = "NewApp", "NewApp\NewApp.csproj", "{4F02EE63-EA99-4CC4-8D0A-B99013356C66}"
EndProject
Global
	GlobalSection(SolutionConfigurationPlatforms) = preSolution
		Debug|Any CPU = Debug|Any CPU
		Release|Any CPU = Release|Any CPU
	EndGlobalSection
	GlobalSection(ProjectConfigurationPlatforms) = postSolution
		{4F02EE63-EA99-4CC4-8D0A-B99013356C66}.Debug|Any CPU.ActiveCfg = Debug|Any CPU
		{4F02EE63-EA99-4CC4-8D0A-B99013356C66}.Debug|Any CPU.Build.0 = Debug|Any CPU
		{4F02EE63-EA99-4CC4-8D0A-B99013356C66}.Release|Any CPU.ActiveCfg = Release|Any CPU
		{4F02EE63-EA99-4CC4-8D0A-B99013356C66}.Release|Any CPU.Build.0 = Release|Any CPU
	EndGlobalSection
	GlobalSection(SolutionProperties) = preSolution
		HideSolutionNode = FALSE
	EndGlobalSection
	GlobalSection(ExtensibilityGlobals) = postSolution
		SolutionGuid = {92BFB782-FE54-4A6A-863D-51250B8EB5E6}
	EndGlobalSection
EndGlobal
